// !$*UTF8*$!
{ archiveVersion = 1; classes = {}; objectVersion = 56; objects = {
E6AD44B42DFB3AD71BA26FB2 = { isa = PBXFileReference; lastKnownFileType = sourcecode.swift; path = "Sources/BorsaCore/PaperAPI.swift"; sourceTree = "<group>"; };
0C64F72DC5CDCAD04D3CA0B8 = { isa = PBXBuildFile; fileRef = E6AD44B42DFB3AD71BA26FB2; };
D42C9B656B6730867969ECC9 = { isa = PBXFileReference; lastKnownFileType = sourcecode.swift; path = "BorsaApp/PaperSettings.swift"; sourceTree = "<group>"; };
1623D94D038B38F234345BE2 = { isa = PBXBuildFile; fileRef = D42C9B656B6730867969ECC9; };
D831344F1111398DD29B60F4 = { isa = PBXFileReference; lastKnownFileType = sourcecode.swift; path = "BorsaApp/PaperViews.swift"; sourceTree = "<group>"; };
550BB7BF8FAA5B42E1D49D4B = { isa = PBXBuildFile; fileRef = D831344F1111398DD29B60F4; };
04B254CCB7D32F449D4F9E78 = { isa = PBXFileReference; lastKnownFileType = sourcecode.swift; path = "BorsaApp/PaperStore.swift"; sourceTree = "<group>"; };
8186D2612D09002F58FCBB57 = { isa = PBXBuildFile; fileRef = 04B254CCB7D32F449D4F9E78; };
57FB60D6174855D3D94F6F13 = { isa = PBXFileReference; lastKnownFileType = sourcecode.swift; path = "Sources/BorsaCore/PaperModels.swift"; sourceTree = "<group>"; };
294E596727E52BF023173686 = { isa = PBXBuildFile; fileRef = 57FB60D6174855D3D94F6F13; };
F77CBC623F0F9DEFC0A11BF9 = { isa = PBXFileReference; lastKnownFileType = sourcecode.swift; path = "BorsaApp/PreferencesView.swift"; sourceTree = "<group>"; };
E994220FB164919CE4CB6C08 = { isa = PBXBuildFile; fileRef = F77CBC623F0F9DEFC0A11BF9; };
D80A53878D73BCD7ACA647BC = { isa = PBXFileReference; lastKnownFileType = sourcecode.swift; path = "Sources/BorsaCore/Persistence.swift"; sourceTree = "<group>"; };
71B0686DB9652262E212C520 = { isa = PBXBuildFile; fileRef = D80A53878D73BCD7ACA647BC; };
9BB24B0DC88B1178262C4E33 = { isa = PBXFileReference; lastKnownFileType = text.xcconfig; path = Config/Base.xcconfig; sourceTree = "<group>"; };
B6A79950F397A9226D0FFAB2 = { isa = PBXFileReference; lastKnownFileType = sourcecode.swift; path = "BorsaApp/AppStore.swift"; sourceTree = "<group>"; };
E09BA54E4216FDF2F21251A4 = { isa = PBXBuildFile; fileRef = B6A79950F397A9226D0FFAB2; };
D5A384F81B63F0C23F63A7DD = { isa = PBXFileReference; lastKnownFileType = sourcecode.swift; path = "BorsaApp/BorsaApp.swift"; sourceTree = "<group>"; };
CC8BFE37CCECD86700841AD4 = { isa = PBXBuildFile; fileRef = D5A384F81B63F0C23F63A7DD; };
F05BB7BD8644AD7E7D765DF3 = { isa = PBXFileReference; lastKnownFileType = sourcecode.swift; path = "BorsaApp/Components.swift"; sourceTree = "<group>"; };
BEC69368396A2797A87B2B52 = { isa = PBXBuildFile; fileRef = F05BB7BD8644AD7E7D765DF3; };
25881CDE730820C92907284A = { isa = PBXFileReference; lastKnownFileType = sourcecode.swift; path = "BorsaApp/MarketView.swift"; sourceTree = "<group>"; };
A0D1AC9BBF7AA6D0E915277D = { isa = PBXBuildFile; fileRef = 25881CDE730820C92907284A; };
379AE0844412A41D8F189FF5 = { isa = PBXFileReference; lastKnownFileType = sourcecode.swift; path = "BorsaApp/OrderTicket.swift"; sourceTree = "<group>"; };
59EF00F4100916277581CB60 = { isa = PBXBuildFile; fileRef = 379AE0844412A41D8F189FF5; };
7561814704E7A3174163E27D = { isa = PBXFileReference; lastKnownFileType = sourcecode.swift; path = "BorsaApp/PortfolioView.swift"; sourceTree = "<group>"; };
5ABA3FFCDA2585928D6CBBD9 = { isa = PBXBuildFile; fileRef = 7561814704E7A3174163E27D; };
F8F6B1B52DAF88806497091F = { isa = PBXFileReference; lastKnownFileType = sourcecode.swift; path = "Sources/BorsaCore/Market.swift"; sourceTree = "<group>"; };
756C8F2281729AE5393F4828 = { isa = PBXBuildFile; fileRef = F8F6B1B52DAF88806497091F; };
014937C00029A77DC673087F = { isa = PBXFileReference; lastKnownFileType = sourcecode.swift; path = "Sources/BorsaCore/Trading.swift"; sourceTree = "<group>"; };
6F422A8E6CECBB53EF8133CD = { isa = PBXBuildFile; fileRef = 014937C00029A77DC673087F; };
BABAE0E1CA5AD19CDF71BF31 = { isa = PBXFileReference; lastKnownFileType = sourcecode.swift; path = "UITests/BorsaUITests.swift"; sourceTree = "<group>"; };
7FD2665C880105AC80372D69 = { isa = PBXBuildFile; fileRef = BABAE0E1CA5AD19CDF71BF31; };
3685E330EC5277A9DD5661C6 = { isa = PBXFileReference; lastKnownFileType = folder.assetcatalog; path = BorsaApp/Assets.xcassets; sourceTree = "<group>"; };
716E9590E60B3AFA6E62BF18 = { isa = PBXBuildFile; fileRef = 3685E330EC5277A9DD5661C6; };
4E783A9E10D2A8ABA38CD11C = { isa = PBXFileReference; explicitFileType = wrapper.application; path = Borsa.app; sourceTree = BUILT_PRODUCTS_DIR; };
6C7CCDEB3609F1FAA874E941 = { isa = PBXFileReference; explicitFileType = wrapper.cfbundle; path = BorsaUITests.xctest; sourceTree = BUILT_PRODUCTS_DIR; };
FBDC4F23F93125BBEEAE800C = { isa = PBXGroup; children = (4E783A9E10D2A8ABA38CD11C, 6C7CCDEB3609F1FAA874E941,); name = Products; sourceTree = "<group>"; };
64292B1C2B2E13EAD8788FC8 = { isa = PBXGroup; children = (E6AD44B42DFB3AD71BA26FB2, D42C9B656B6730867969ECC9, D831344F1111398DD29B60F4, 04B254CCB7D32F449D4F9E78, 57FB60D6174855D3D94F6F13, F77CBC623F0F9DEFC0A11BF9, D80A53878D73BCD7ACA647BC, 9BB24B0DC88B1178262C4E33, B6A79950F397A9226D0FFAB2, D5A384F81B63F0C23F63A7DD, F05BB7BD8644AD7E7D765DF3, 25881CDE730820C92907284A, 379AE0844412A41D8F189FF5, 7561814704E7A3174163E27D, F8F6B1B52DAF88806497091F, 014937C00029A77DC673087F, BABAE0E1CA5AD19CDF71BF31, 3685E330EC5277A9DD5661C6, FBDC4F23F93125BBEEAE800C,); sourceTree = "<group>"; };
AB52CB08E0FDF02BF6C67C33 = { isa = XCBuildConfiguration; baseConfigurationReference = 9BB24B0DC88B1178262C4E33; buildSettings = { SWIFT_VERSION = "6.0"; IPHONEOS_DEPLOYMENT_TARGET = "17.0"; SDKROOT = "iphoneos"; CLANG_ENABLE_MODULES = "YES"; SWIFT_STRICT_CONCURRENCY = "complete"; CLANG_ENABLE_OBJC_ARC = "YES"; GCC_C_LANGUAGE_STANDARD = "gnu17"; SWIFT_OPTIMIZATION_LEVEL = "-Onone"; DEBUG_INFORMATION_FORMAT = "dwarf"; ENABLE_TESTABILITY = "YES"; SWIFT_ACTIVE_COMPILATION_CONDITIONS = "DEBUG"; }; name = Debug; };
5283471FF90C511CFE244FFF = { isa = XCBuildConfiguration; baseConfigurationReference = 9BB24B0DC88B1178262C4E33; buildSettings = { SWIFT_VERSION = "6.0"; IPHONEOS_DEPLOYMENT_TARGET = "17.0"; SDKROOT = "iphoneos"; CLANG_ENABLE_MODULES = "YES"; SWIFT_STRICT_CONCURRENCY = "complete"; CLANG_ENABLE_OBJC_ARC = "YES"; GCC_C_LANGUAGE_STANDARD = "gnu17"; SWIFT_OPTIMIZATION_LEVEL = "-O"; DEBUG_INFORMATION_FORMAT = "dwarf-with-dsym"; }; name = Release; };
4BA304E783CFBB9FA6E56552 = { isa = XCConfigurationList; buildConfigurations = (AB52CB08E0FDF02BF6C67C33, 5283471FF90C511CFE244FFF,); defaultConfigurationIsVisible = 0; defaultConfigurationName = Release; };
EF00B4C26D3BA245CBAB3F00 = { isa = XCBuildConfiguration; baseConfigurationReference = 9BB24B0DC88B1178262C4E33; buildSettings = { PRODUCT_NAME = "$(TARGET_NAME)"; PRODUCT_BUNDLE_IDENTIFIER = "$(BORSA_BUNDLE_ID)"; TARGETED_DEVICE_FAMILY = "1"; SUPPORTED_PLATFORMS = "iphoneos iphonesimulator"; GENERATE_INFOPLIST_FILE = "YES"; INFOPLIST_KEY_CFBundleDisplayName = "Borsa"; CODE_SIGN_ENTITLEMENTS = "BorsaApp/Borsa.entitlements"; INFOPLIST_KEY_BorsaServerHost = "$(BORSA_SERVER_HOST)"; INFOPLIST_KEY_BorsaServerPin = "$(BORSA_SERVER_PIN)"; INFOPLIST_KEY_NSLocalNetworkUsageDescription = "Sanal hesabınızı ve gerçek piyasa verilerini kendi sunucunuzdan almak için yerel ağa bağlanır."; INFOPLIST_KEY_UIApplicationSceneManifest_Generation = "YES"; INFOPLIST_KEY_UILaunchScreen_Generation = "YES"; INFOPLIST_KEY_UISupportedInterfaceOrientations = "UIInterfaceOrientationPortrait UIInterfaceOrientationLandscapeLeft UIInterfaceOrientationLandscapeRight"; INFOPLIST_KEY_LSApplicationCategoryType = "public.app-category.finance"; ASSETCATALOG_COMPILER_GLOBAL_ACCENT_COLOR_NAME = "AccentColor"; ASSETCATALOG_COMPILER_APPICON_NAME = "AppIcon"; CURRENT_PROJECT_VERSION = "4"; MARKETING_VERSION = "0.3.0"; CODE_SIGN_STYLE = "Automatic"; ENABLE_PREVIEWS = "YES"; SWIFT_EMIT_LOC_STRINGS = "YES"; }; name = Debug; };
49B4940C5F901788C278DD41 = { isa = XCBuildConfiguration; baseConfigurationReference = 9BB24B0DC88B1178262C4E33; buildSettings = { PRODUCT_NAME = "$(TARGET_NAME)"; PRODUCT_BUNDLE_IDENTIFIER = "$(BORSA_BUNDLE_ID)"; TARGETED_DEVICE_FAMILY = "1"; SUPPORTED_PLATFORMS = "iphoneos iphonesimulator"; GENERATE_INFOPLIST_FILE = "YES"; INFOPLIST_KEY_CFBundleDisplayName = "Borsa"; CODE_SIGN_ENTITLEMENTS = "BorsaApp/Borsa.entitlements"; INFOPLIST_KEY_BorsaServerHost = "$(BORSA_SERVER_HOST)"; INFOPLIST_KEY_BorsaServerPin = "$(BORSA_SERVER_PIN)"; INFOPLIST_KEY_NSLocalNetworkUsageDescription = "Sanal hesabınızı ve gerçek piyasa verilerini kendi sunucunuzdan almak için yerel ağa bağlanır."; INFOPLIST_KEY_UIApplicationSceneManifest_Generation = "YES"; INFOPLIST_KEY_UILaunchScreen_Generation = "YES"; INFOPLIST_KEY_UISupportedInterfaceOrientations = "UIInterfaceOrientationPortrait UIInterfaceOrientationLandscapeLeft UIInterfaceOrientationLandscapeRight"; INFOPLIST_KEY_LSApplicationCategoryType = "public.app-category.finance"; ASSETCATALOG_COMPILER_GLOBAL_ACCENT_COLOR_NAME = "AccentColor"; ASSETCATALOG_COMPILER_APPICON_NAME = "AppIcon"; CURRENT_PROJECT_VERSION = "4"; MARKETING_VERSION = "0.3.0"; CODE_SIGN_STYLE = "Automatic"; ENABLE_PREVIEWS = "YES"; SWIFT_EMIT_LOC_STRINGS = "YES"; }; name = Release; };
BF6B243F84FA915024E66DCC = { isa = XCConfigurationList; buildConfigurations = (EF00B4C26D3BA245CBAB3F00, 49B4940C5F901788C278DD41,); defaultConfigurationIsVisible = 0; defaultConfigurationName = Release; };
532167A2F4DF305CC7A47840 = { isa = XCBuildConfiguration; baseConfigurationReference = 9BB24B0DC88B1178262C4E33; buildSettings = { PRODUCT_NAME = "$(TARGET_NAME)"; PRODUCT_BUNDLE_IDENTIFIER = "$(BORSA_BUNDLE_ID).uitests"; TARGETED_DEVICE_FAMILY = "1"; GENERATE_INFOPLIST_FILE = "YES"; CODE_SIGN_STYLE = "Automatic"; TEST_TARGET_NAME = "Borsa"; }; name = Debug; };
613A5B8C1DD03DF932B456E4 = { isa = XCBuildConfiguration; baseConfigurationReference = 9BB24B0DC88B1178262C4E33; buildSettings = { PRODUCT_NAME = "$(TARGET_NAME)"; PRODUCT_BUNDLE_IDENTIFIER = "$(BORSA_BUNDLE_ID).uitests"; TARGETED_DEVICE_FAMILY = "1"; GENERATE_INFOPLIST_FILE = "YES"; CODE_SIGN_STYLE = "Automatic"; TEST_TARGET_NAME = "Borsa"; }; name = Release; };
5108F0FAAC041B35012A8D2F = { isa = XCConfigurationList; buildConfigurations = (532167A2F4DF305CC7A47840, 613A5B8C1DD03DF932B456E4,); defaultConfigurationIsVisible = 0; defaultConfigurationName = Release; };
FDBEB636160CC4A63F780304 = { isa = PBXSourcesBuildPhase; buildActionMask = 2147483647; files = (0C64F72DC5CDCAD04D3CA0B8, 1623D94D038B38F234345BE2, 550BB7BF8FAA5B42E1D49D4B, 8186D2612D09002F58FCBB57, 294E596727E52BF023173686, E994220FB164919CE4CB6C08, 71B0686DB9652262E212C520, E09BA54E4216FDF2F21251A4, CC8BFE37CCECD86700841AD4, BEC69368396A2797A87B2B52, A0D1AC9BBF7AA6D0E915277D, 59EF00F4100916277581CB60, 5ABA3FFCDA2585928D6CBBD9, 756C8F2281729AE5393F4828, 6F422A8E6CECBB53EF8133CD,); runOnlyForDeploymentPostprocessing = 0; };
2BF5DE592226D457D3BCDAC0 = { isa = PBXResourcesBuildPhase; buildActionMask = 2147483647; files = (716E9590E60B3AFA6E62BF18,); runOnlyForDeploymentPostprocessing = 0; };
FA3C5073B463D1BB4154A72F = { isa = PBXFrameworksBuildPhase; buildActionMask = 2147483647; files = (); runOnlyForDeploymentPostprocessing = 0; };
BBF27171F2E9EBCCAFD3E545 = { isa = PBXSourcesBuildPhase; buildActionMask = 2147483647; files = (7FD2665C880105AC80372D69,); runOnlyForDeploymentPostprocessing = 0; };
D7DA8668DC68561CF3B5D465 = { isa = PBXResourcesBuildPhase; buildActionMask = 2147483647; files = (); runOnlyForDeploymentPostprocessing = 0; };
CD5BADB5A91D597E76F60CF4 = { isa = PBXFrameworksBuildPhase; buildActionMask = 2147483647; files = (); runOnlyForDeploymentPostprocessing = 0; };
D799BAE6088A90139B415FCC = { isa = PBXContainerItemProxy; containerPortal = 98F54143AB4E86B28C3AFEE0; proxyType = 1; remoteGlobalIDString = F75109BEB4DD8800DA6B45F8; remoteInfo = Borsa; };
DE58E2B17C19600779694943 = { isa = PBXTargetDependency; target = F75109BEB4DD8800DA6B45F8; targetProxy = D799BAE6088A90139B415FCC; };
F75109BEB4DD8800DA6B45F8 = { isa = PBXNativeTarget; buildConfigurationList = BF6B243F84FA915024E66DCC; buildPhases = (FDBEB636160CC4A63F780304, FA3C5073B463D1BB4154A72F, 2BF5DE592226D457D3BCDAC0,); buildRules = (); dependencies = (); name = Borsa; productName = Borsa; productReference = 4E783A9E10D2A8ABA38CD11C; productType = "com.apple.product-type.application"; };
B2BFE0D3C68337315431B2F3 = { isa = PBXNativeTarget; buildConfigurationList = 5108F0FAAC041B35012A8D2F; buildPhases = (BBF27171F2E9EBCCAFD3E545, CD5BADB5A91D597E76F60CF4, D7DA8668DC68561CF3B5D465,); buildRules = (); dependencies = (DE58E2B17C19600779694943,); name = BorsaUITests; productName = BorsaUITests; productReference = 6C7CCDEB3609F1FAA874E941; productType = "com.apple.product-type.bundle.ui-testing"; };
98F54143AB4E86B28C3AFEE0 = { isa = PBXProject; attributes = { BuildIndependentTargetsInParallel = YES; LastUpgradeCheck = 2700; TargetAttributes = { B2BFE0D3C68337315431B2F3 = { TestTargetID = F75109BEB4DD8800DA6B45F8; }; }; }; buildConfigurationList = 4BA304E783CFBB9FA6E56552; compatibilityVersion = "Xcode 14.0"; developmentRegion = tr; hasScannedForEncodings = 0; knownRegions = (tr, en, Base); mainGroup = 64292B1C2B2E13EAD8788FC8; productRefGroup = FBDC4F23F93125BBEEAE800C; projectDirPath = ""; projectRoot = ""; targets = (F75109BEB4DD8800DA6B45F8, B2BFE0D3C68337315431B2F3,); };
}; rootObject = 98F54143AB4E86B28C3AFEE0; }
